<Solution>
  <Folder Name="/01-minimal-api/">
    <Project Path="01-minimal-api/Host/Host.csproj" />
    <Project Path="01-minimal-api/Modules/Weather/WeatherModule.csproj" />
    <Project Path="01-minimal-api/Modules/Greeting/GreetingModule.csproj" />
    <Project Path="01-minimal-api/Tests/Tests.csproj" />
  </Folder>
  <Folder Name="/02-mvc-razor/">
    <Project Path="02-mvc-razor/Host/Host.csproj" />
    <Project Path="02-mvc-razor/Modules/Dashboard/DashboardModule.csproj" />
    <Project Path="02-mvc-razor/Modules/Status/StatusModule.csproj" />
    <Project Path="02-mvc-razor/Tests/Tests.csproj" />
  </Folder>
  <Folder Name="/03-modular-data/">
    <Project Path="03-modular-data/Host/Host.csproj" />
    <Project Path="03-modular-data/Modules/Orders/Orders.Entities.csproj" />
    <Project Path="03-modular-data/Modules/Customers/Customers.Entities.csproj" />
    <Project Path="03-modular-data/Modules/CustomersApi/CustomersModule.csproj" />
    <Project Path="03-modular-data/Modules/Billing/BillingModule.csproj" />
    <Project Path="03-modular-data/Tests/Tests.csproj" />
  </Folder>
</Solution>
